Microsoft Visual Studio Solution File, Format Version 12.00
# Visual Studio 2012
Project("{FAE04EC0-301F-11D3-BF4B-00C04F79EFBC}") = "Champi Game", "Champi Game.csproj", "{1F166466-DDA6-41E8-9041-A7CC5B771133}"
EndProject
Global
	GlobalSection(SolutionConfigurationPlatforms) = preSolution
	Debug|Any CPU = Debug|Any CPU
	ExportDebug|Any CPU = ExportDebug|Any CPU
	ExportRelease|Any CPU = ExportRelease|Any CPU
	EndGlobalSection
	GlobalSection(ProjectConfigurationPlatforms) = postSolution
		{1F166466-DDA6-41E8-9041-A7CC5B771133}.Debug|Any CPU.ActiveCfg = Debug|Any CPU
		{1F166466-DDA6-41E8-9041-A7CC5B771133}.Debug|Any CPU.Build.0 = Debug|Any CPU
		{1F166466-DDA6-41E8-9041-A7CC5B771133}.ExportDebug|Any CPU.ActiveCfg = ExportDebug|Any CPU
		{1F166466-DDA6-41E8-9041-A7CC5B771133}.ExportDebug|Any CPU.Build.0 = ExportDebug|Any CPU
		{1F166466-DDA6-41E8-9041-A7CC5B771133}.ExportRelease|Any CPU.ActiveCfg = ExportRelease|Any CPU
		{1F166466-DDA6-41E8-9041-A7CC5B771133}.ExportRelease|Any CPU.Build.0 = ExportRelease|Any CPU
	EndGlobalSection
EndGlobal
